<?xml version="1.0" encoding="utf-8"?>
<Project ToolsVersion="4.0" xmlns:atg="http://atg.xbox.com" xmlns="http://schemas.microsoft.com/developer/msbuild/2003">
  <ItemGroup>
    <Filter Include="Resource Files">
      <UniqueIdentifier>{8e114980-c1a3-4ada-ad7c-83caadf5daeb}</UniqueIdentifier>
      <Extensions>rc;ico;cur;bmp;dlg;rc2;rct;bin;rgs;gif;jpg;jpeg;jpe</Extensions>
    </Filter>
    <Filter Include="DXUT">
      <UniqueIdentifier>{a43c5c25-0e86-4a20-b64a-883785ff74fd}</UniqueIdentifier>
    </Filter>
    <Filter Include="Shaders">
      <UniqueIdentifier>{2c3d4c8c-5d1a-459a-a05a-a4e4b608a44e}</UniqueIdentifier>
      <Extensions>fx;fxh;hlsl</Extensions>
    </Filter>
    <Filter Include="1. MainGame">
      <UniqueIdentifier>{59dfb187-9307-4cd5-902c-ab9d360e9c06}</UniqueIdentifier>
    </Filter>
    <Filter Include="4. Scene">
      <UniqueIdentifier>{29e1392a-38bd-42bb-8108-33f7cf654382}</UniqueIdentifier>
    </Filter>
    <Filter Include="4. Scene\Ingame">
      <UniqueIdentifier>{53628363-f52e-4f42-97c6-deee6d9455b5}</UniqueIdentifier>
    </Filter>
    <Filter Include="4. Scene\Title">
      <UniqueIdentifier>{93a3e866-37f6-48dc-9ebb-51962b543117}</UniqueIdentifier>
    </Filter>
    <Filter Include="2. Manager">
      <UniqueIdentifier>{45985e2f-615f-43e9-b674-a24abbd9a20a}</UniqueIdentifier>
    </Filter>
    <Filter Include="3. Object">
      <UniqueIdentifier>{fe6c135e-8569-4ad1-a25d-90ca2e616f3f}</UniqueIdentifier>
    </Filter>
    <Filter Include="2. Manager\Particle">
      <UniqueIdentifier>{fb9a2ad3-ef67-4a1b-ae59-f91fbd8c90ff}</UniqueIdentifier>
    </Filter>
    <Filter Include="2. Manager\Input">
      <UniqueIdentifier>{94a8ca14-a32c-426a-88e5-846a558d9e9a}</UniqueIdentifier>
    </Filter>
    <Filter Include="2. Manager\Image">
      <UniqueIdentifier>{ce8a2fed-8164-4657-9f4e-09e29420af94}</UniqueIdentifier>
    </Filter>
    <Filter Include="2. Manager\Sound">
      <UniqueIdentifier>{e3e45f7f-9f33-4f05-8d78-f2202c0feb08}</UniqueIdentifier>
    </Filter>
    <Filter Include="2. Manager\Render">
      <UniqueIdentifier>{0b6518cb-c500-4019-82bc-28b756ddfb34}</UniqueIdentifier>
    </Filter>
    <Filter Include="2. Manager\Mouse">
      <UniqueIdentifier>{73cf10c1-01a0-4d6b-b816-c4f12ee86703}</UniqueIdentifier>
    </Filter>
    <Filter Include="2. Manager\Scene">
      <UniqueIdentifier>{8ed6fd3f-ad97-45ba-8132-52171dd0ca26}</UniqueIdentifier>
    </Filter>
    <Filter Include="2. Manager\UI">
      <UniqueIdentifier>{30f11331-39b0-41f1-b52d-bf7f9c9c74b8}</UniqueIdentifier>
    </Filter>
    <Filter Include="3. Object\Mob">
      <UniqueIdentifier>{eb478f82-18d7-4f06-bf38-53627c0595b7}</UniqueIdentifier>
    </Filter>
    <Filter Include="3. Object\Player">
      <UniqueIdentifier>{418c0460-e6df-4cf9-9a85-ce462e5ced4b}</UniqueIdentifier>
    </Filter>
    <Filter Include="3. Object\Bullet">
      <UniqueIdentifier>{906ab5db-cf9e-4c43-acc3-4836e0f7175d}</UniqueIdentifier>
    </Filter>
    <Filter Include="3. Object\Collision">
      <UniqueIdentifier>{9124857c-9bfe-49d9-900b-cb5876a602d9}</UniqueIdentifier>
    </Filter>
    <Filter Include="3. Object\Item">
      <UniqueIdentifier>{3a18e16f-2814-4484-a33b-2af33230c2b4}</UniqueIdentifier>
    </Filter>
    <Filter Include="3. Object\Mob\Admin">
      <UniqueIdentifier>{c5e29fdb-5f3b-49fd-aa30-a958c7e4b180}</UniqueIdentifier>
    </Filter>
    <Filter Include="3. Object\Mob\Boss">
      <UniqueIdentifier>{1325946a-67d8-4703-a989-078b4430fb69}</UniqueIdentifier>
    </Filter>
    <Filter Include="3. Object\Bullet\BulletAdmin">
      <UniqueIdentifier>{32e58c4f-77b6-48cb-9656-bedcc79339ae}</UniqueIdentifier>
    </Filter>
    <Filter Include="3. Object\Button">
      <UniqueIdentifier>{db4d2879-5f21-448e-b21a-5cb080442db0}</UniqueIdentifier>
    </Filter>
    <Filter Include="3. Object\Bullet\cMBullet">
      <UniqueIdentifier>{0415b164-cc3d-41ab-b47f-6ab173c903a1}</UniqueIdentifier>
    </Filter>
    <Filter Include="3. Object\Item\Heal">
      <UniqueIdentifier>{bbc1db83-56c6-474e-a992-88ec8d5ccee8}</UniqueIdentifier>
    </Filter>
    <Filter Include="3. Object\Item\Speed">
      <UniqueIdentifier>{2e2f7443-5f99-46c6-adf9-c878834c1c2f}</UniqueIdentifier>
    </Filter>
    <Filter Include="3. Object\Item\Invincibility">
      <UniqueIdentifier>{433501f8-60d1-460b-b7e9-23b3a8102df1}</UniqueIdentifier>
    </Filter>
    <Filter Include="2. Manager\Button">
      <UniqueIdentifier>{6c1dff4b-344e-410f-b3aa-2fef914f98ed}</UniqueIdentifier>
    </Filter>
    <Filter Include="3. Object\Item\Admin">
      <UniqueIdentifier>{461d5b2c-69ab-4b35-a442-af72cb2c4656}</UniqueIdentifier>
    </Filter>
    <Filter Include="4. Scene\SelectStage">
      <UniqueIdentifier>{47e025b6-59a0-4c0a-9348-98fa82984bcd}</UniqueIdentifier>
    </Filter>
    <Filter Include="2. Manager\Scene\Parent">
      <UniqueIdentifier>{721cfb18-3fc0-48a1-96dc-c00468dcaad9}</UniqueIdentifier>
    </Filter>
  </ItemGroup>
  <ItemGroup>
    <None Include="DXUT\Optional\directx.ico">
      <Filter>Resource Files</Filter>
    </None>
    <ClInclude Include="DXUT\Core\DXUT.h">
      <Filter>DXUT</Filter>
    </ClInclude>
    <ClInclude Include="DXUT\Core\DXUTenum.h">
      <Filter>DXUT</Filter>
    </ClInclude>
    <ClInclude Include="DXUT\Core\DXUTmisc.h">
      <Filter>DXUT</Filter>
    </ClInclude>
    <ClCompile Include="DXUT\Core\DXUT.cpp">
      <Filter>DXUT</Filter>
    </ClCompile>
    <ClCompile Include="DXUT\Core\DXUTenum.cpp">
      <Filter>DXUT</Filter>
    </ClCompile>
    <ClCompile Include="DXUT\Core\DXUTmisc.cpp">
      <Filter>DXUT</Filter>
    </ClCompile>
    <ClInclude Include="DXUT\Optional\DXUTcamera.h">
      <Filter>DXUT</Filter>
    </ClInclude>
    <ClInclude Include="DXUT\Optional\DXUTgui.h">
      <Filter>DXUT</Filter>
    </ClInclude>
    <ClInclude Include="DXUT\Optional\DXUTres.h">
      <Filter>DXUT</Filter>
    </ClInclude>
    <ClInclude Include="DXUT\Optional\DXUTsettingsdlg.h">
      <Filter>DXUT</Filter>
    </ClInclude>
    <ClInclude Include="DXUT\Optional\SDKmesh.h">
      <Filter>DXUT</Filter>
    </ClInclude>
    <ClInclude Include="DXUT\Optional\SDKmisc.h">
      <Filter>DXUT</Filter>
    </ClInclude>
    <ClCompile Include="DXUT\Optional\DXUTcamera.cpp">
      <Filter>DXUT</Filter>
    </ClCompile>
    <ClCompile Include="DXUT\Optional\DXUTgui.cpp">
      <Filter>DXUT</Filter>
    </ClCompile>
    <ClCompile Include="DXUT\Optional\DXUTres.cpp">
      <Filter>DXUT</Filter>
    </ClCompile>
    <ClCompile Include="DXUT\Optional\DXUTsettingsdlg.cpp">
      <Filter>DXUT</Filter>
    </ClCompile>
    <ClCompile Include="DXUT\Optional\SDKmesh.cpp">
      <Filter>DXUT</Filter>
    </ClCompile>
    <ClCompile Include="DXUT\Optional\SDKmisc.cpp">
      <Filter>DXUT</Filter>
    </ClCompile>
  </ItemGroup>
  <ItemGroup>
    <ClCompile Include="Game_Project.cpp" />
    <ClCompile Include="cMainGame.cpp">
      <Filter>1. MainGame</Filter>
    </ClCompile>
    <ClCompile Include="DXUT\Optional\SDKsound.cpp" />
    <ClCompile Include="DXUT\Optional\SDKwavefile.cpp" />
    <ClCompile Include="cIngameScene.cpp">
      <Filter>4. Scene\Ingame</Filter>
    </ClCompile>
    <ClCompile Include="cTitleScene.cpp">
      <Filter>4. Scene\Title</Filter>
    </ClCompile>
    <ClCompile Include="cIngameScene2.cpp">
      <Filter>4. Scene\Ingame</Filter>
    </ClCompile>
    <ClCompile Include="cInputManager.cpp">
      <Filter>2. Manager\Input</Filter>
    </ClCompile>
    <ClCompile Include="cImageManager.cpp">
      <Filter>2. Manager\Image</Filter>
    </ClCompile>
    <ClCompile Include="cMouseManager.cpp">
      <Filter>2. Manager\Mouse</Filter>
    </ClCompile>
    <ClCompile Include="cUIManager.cpp">
      <Filter>2. Manager\UI</Filter>
    </ClCompile>
    <ClCompile Include="cSceneManager.cpp">
      <Filter>2. Manager\Scene</Filter>
    </ClCompile>
    <ClCompile Include="cRenderManager.cpp">
      <Filter>2. Manager\Render</Filter>
    </ClCompile>
    <ClCompile Include="cSoundManager.cpp">
      <Filter>2. Manager\Sound</Filter>
    </ClCompile>
    <ClCompile Include="cParticleManager.cpp">
      <Filter>2. Manager\Particle</Filter>
    </ClCompile>
    <ClCompile Include="cMob.cpp">
      <Filter>3. Object\Mob</Filter>
    </ClCompile>
    <ClCompile Include="cMobAdmin.cpp">
      <Filter>3. Object\Mob\Admin</Filter>
    </ClCompile>
    <ClCompile Include="cBoss.cpp">
      <Filter>3. Object\Mob\Boss</Filter>
    </ClCompile>
    <ClCompile Include="cBullet.cpp">
      <Filter>3. Object\Bullet</Filter>
    </ClCompile>
    <ClCompile Include="cBulletAdmin.cpp">
      <Filter>3. Object\Bullet\BulletAdmin</Filter>
    </ClCompile>
    <ClCompile Include="cMBullet.cpp">
      <Filter>3. Object\Bullet\cMBullet</Filter>
    </ClCompile>
    <ClCompile Include="cCollision.cpp">
      <Filter>3. Object\Collision</Filter>
    </ClCompile>
    <ClCompile Include="cInvincibility.cpp">
      <Filter>3. Object\Item\Invincibility</Filter>
    </ClCompile>
    <ClCompile Include="cHeal.cpp">
      <Filter>3. Object\Item\Heal</Filter>
    </ClCompile>
    <ClCompile Include="cSpeed.cpp">
      <Filter>3. Object\Item\Speed</Filter>
    </ClCompile>
    <ClCompile Include="cButton.cpp">
      <Filter>3. Object\Button</Filter>
    </ClCompile>
    <ClCompile Include="cPlayer.cpp">
      <Filter>3. Object\Player</Filter>
    </ClCompile>
    <ClCompile Include="cItem.cpp">
      <Filter>3. Object\Item</Filter>
    </ClCompile>
    <ClCompile Include="cButtonManager.cpp">
      <Filter>2. Manager\Button</Filter>
    </ClCompile>
    <ClCompile Include="cTimer.cpp">
      <Filter>2. Manager</Filter>
    </ClCompile>
    <ClCompile Include="singleton.cpp">
      <Filter>2. Manager</Filter>
    </ClCompile>
    <ClCompile Include="cItemAdmin.cpp">
      <Filter>3. Object\Item\Admin</Filter>
    </ClCompile>
    <ClCompile Include="cParticle.cpp">
      <Filter>2. Manager\Particle</Filter>
    </ClCompile>
    <ClCompile Include="cParticleAni.cpp">
      <Filter>2. Manager\Particle</Filter>
    </ClCompile>
    <ClCompile Include="cSelectStageScene.cpp">
      <Filter>4. Scene\SelectStage</Filter>
    </ClCompile>
    <ClCompile Include="cScene.cpp">
      <Filter>2. Manager\Scene</Filter>
    </ClCompile>
    <ClCompile Include="cParentScene.cpp">
      <Filter>2. Manager\Scene\Parent</Filter>
    </ClCompile>
  </ItemGroup>
  <ItemGroup>
    <ClInclude Include="stdafx.h" />
    <ClInclude Include="cMainGame.h">
      <Filter>1. MainGame</Filter>
    </ClInclude>
    <ClInclude Include="DXUT\Optional\SDKsound.h" />
    <ClInclude Include="DXUT\Optional\SDKwavefile.h" />
    <ClInclude Include="cIngameScene.h">
      <Filter>4. Scene\Ingame</Filter>
    </ClInclude>
    <ClInclude Include="cTitleScene.h">
      <Filter>4. Scene\Title</Filter>
    </ClInclude>
    <ClInclude Include="cIngameScene2.h">
      <Filter>4. Scene\Ingame</Filter>
    </ClInclude>
    <ClInclude Include="cInputManager.h">
      <Filter>2. Manager\Input</Filter>
    </ClInclude>
    <ClInclude Include="cImageManager.h">
      <Filter>2. Manager\Image</Filter>
    </ClInclude>
    <ClInclude Include="cMouseManager.h">
      <Filter>2. Manager\Mouse</Filter>
    </ClInclude>
    <ClInclude Include="cUIManager.h">
      <Filter>2. Manager\UI</Filter>
    </ClInclude>
    <ClInclude Include="cSceneManager.h">
      <Filter>2. Manager\Scene</Filter>
    </ClInclude>
    <ClInclude Include="cRenderManager.h">
      <Filter>2. Manager\Render</Filter>
    </ClInclude>
    <ClInclude Include="cSoundManager.h">
      <Filter>2. Manager\Sound</Filter>
    </ClInclude>
    <ClInclude Include="cParticleManager.h">
      <Filter>2. Manager\Particle</Filter>
    </ClInclude>
    <ClInclude Include="cMob.h">
      <Filter>3. Object\Mob</Filter>
    </ClInclude>
    <ClInclude Include="cMobAdmin.h">
      <Filter>3. Object\Mob\Admin</Filter>
    </ClInclude>
    <ClInclude Include="cBoss.h">
      <Filter>3. Object\Mob\Boss</Filter>
    </ClInclude>
    <ClInclude Include="cBullet.h">
      <Filter>3. Object\Bullet</Filter>
    </ClInclude>
    <ClInclude Include="cBulletAdmin.h">
      <Filter>3. Object\Bullet\BulletAdmin</Filter>
    </ClInclude>
    <ClInclude Include="cMBullet.h">
      <Filter>3. Object\Bullet\cMBullet</Filter>
    </ClInclude>
    <ClInclude Include="cCollision.h">
      <Filter>3. Object\Collision</Filter>
    </ClInclude>
    <ClInclude Include="cInvincibility.h">
      <Filter>3. Object\Item\Invincibility</Filter>
    </ClInclude>
    <ClInclude Include="cHeal.h">
      <Filter>3. Object\Item\Heal</Filter>
    </ClInclude>
    <ClInclude Include="cSpeed.h">
      <Filter>3. Object\Item\Speed</Filter>
    </ClInclude>
    <ClInclude Include="cButton.h">
      <Filter>3. Object\Button</Filter>
    </ClInclude>
    <ClInclude Include="cPlayer.h">
      <Filter>3. Object\Player</Filter>
    </ClInclude>
    <ClInclude Include="cItem.h">
      <Filter>3. Object\Item</Filter>
    </ClInclude>
    <ClInclude Include="cButtonManager.h">
      <Filter>2. Manager\Button</Filter>
    </ClInclude>
    <ClInclude Include="cTimer.h">
      <Filter>2. Manager</Filter>
    </ClInclude>
    <ClInclude Include="singleton.h">
      <Filter>2. Manager</Filter>
    </ClInclude>
    <ClInclude Include="cItemAdmin.h">
      <Filter>3. Object\Item\Admin</Filter>
    </ClInclude>
    <ClInclude Include="cParticle.h">
      <Filter>2. Manager\Particle</Filter>
    </ClInclude>
    <ClInclude Include="cParticleAni.h">
      <Filter>2. Manager\Particle</Filter>
    </ClInclude>
    <ClInclude Include="cSelectStageScene.h">
      <Filter>4. Scene\SelectStage</Filter>
    </ClInclude>
    <ClInclude Include="cScene.h">
      <Filter>2. Manager\Scene</Filter>
    </ClInclude>
    <ClInclude Include="cParentScene.h">
      <Filter>2. Manager\Scene\Parent</Filter>
    </ClInclude>
  </ItemGroup>
  <ItemGroup>
    <CLInclude Include="resource.h">
      <Filter>Resource Files</Filter>
    </CLInclude>
    <ResourceCompile Include="Game_Project.rc">
      <Filter>Resource Files</Filter>
    </ResourceCompile>
  </ItemGroup>
  <ItemGroup>
    <Text Include="버그.txt" />
  </ItemGroup>
</Project>